// !$*UTF8*$!
{
	archiveVersion = 1;
	classes = {
	};
	objectVersion = 46;
	objects = {

/* Begin PBXBuildFile section */
		68E81E611F4EE56700283854 /* main.m in Sources */ = {isa = PBXBuildFile; fileRef = 68E81E601F4EE56700283854 /* main.m */; };
		68E81E641F4EE56700283854 /* AppDelegate.m in Sources */ = {isa = PBXBuildFile; fileRef = 68E81E631F4EE56700283854 /* AppDelegate.m */; };
		68E81E671F4EE56700283854 /* ViewController.m in Sources */ = {isa = PBXBuildFile; fileRef = 68E81E661F4EE56700283854 /* ViewController.m */; };
		68E81E6A1F4EE56700283854 /* Main.storyboard in Resources */ = {isa = PBXBuildFile; fileRef = 68E81E681F4EE56700283854 /* Main.storyboard */; };
		68E81E6C1F4EE56700283854 /* Assets.xcassets in Resources */ = {isa = PBXBuildFile; fileRef = 68E81E6B1F4EE56700283854 /* Assets.xcassets */; };
		68E81E6F1F4EE56700283854 /* LaunchScreen.storyboard in Resources */ = {isa = PBXBuildFile; fileRef = 68E81E6D1F4EE56700283854 /* LaunchScreen.storyboard */; };
		68E81E7A1F4EE56700283854 /* ZsHorizontalSelectorTests.m in Sources */ = {isa = PBXBuildFile; fileRef = 68E81E791F4EE56700283854 /* ZsHorizontalSelectorTests.m */; };
		68E81E851F4EE56700283854 /* ZsHorizontalSelectorUITests.m in Sources */ = {isa = PBXBuildFile; fileRef = 68E81E841F4EE56700283854 /* ZsHorizontalSelectorUITests.m */; };
/* End PBXBuildFile section */

/* Begin PBXContainerItemProxy section */
		68E81E761F4EE56700283854 /* PBXContainerItemProxy */ = {
			isa = PBXContainerItemProxy;
			containerPortal = 68E81E541F4EE56700283854 /* Project object */;
			proxyType = 1;
			remoteGlobalIDString = 68E81E5B1F4EE56700283854;
			remoteInfo = ZsHorizontalSelector;
		};
		68E81E811F4EE56700283854 /* PBXContainerItemProxy */ = {
			isa = PBXContainerItemProxy;
			containerPortal = 68E81E541F4EE56700283854 /* Project object */;
			proxyType = 1;
			remoteGlobalIDString = 68E81E5B1F4EE56700283854;
			remoteInfo = ZsHorizontalSelector;
		};
/* End PBXContainerItemProxy section */

/* Begin PBXFileReference section */
		68E81E5C1F4EE56700283854 /* ZsHorizontalSelector.app */ = {isa = PBXFileReference; explicitFileType = wrapper.application; includeInIndex = 0; path = ZsHorizontalSelector.app; sourceTree = BUILT_PRODUCTS_DIR; };
		68E81E601F4EE56700283854 /* main.m */ = {isa = PBXFileReference; lastKnownFileType = sourcecode.c.objc; path = main.m; sourceTree = "<group>"; };
		68E81E621F4EE56700283854 /* AppDelegate.h */ = {isa = PBXFileReference; lastKnownFileType = sourcecode.c.h; path = AppDelegate.h; sourceTree = "<group>"; };
		68E81E631F4EE56700283854 /* AppDelegate.m */ = {isa = PBXFileReference; lastKnownFileType = sourcecode.c.objc; path = AppDelegate.m; sourceTree = "<group>"; };
		68E81E651F4EE56700283854 /* ViewController.h */ = {isa = PBXFileReference; lastKnownFileType = sourcecode.c.h; path = ViewController.h; sourceTree = "<group>"; };
		68E81E661F4EE56700283854 /* ViewController.m */ = {isa = PBXFileReference; lastKnownFileType = sourcecode.c.objc; path = ViewController.m; sourceTree = "<group>"; };
		68E81E691F4EE56700283854 /* Base */ = {isa = PBXFileReference; lastKnownFileType = file.storyboard; name = Base; path = Base.lproj/Main.storyboard; sourceTree = "<group>"; };
		68E81E6B1F4EE56700283854 /* Assets.xcassets */ = {isa = PBXFileReference; lastKnownFileType = folder.assetcatalog; path = Assets.xcassets; sourceTree = "<group>"; };
		68E81E6E1F4EE56700283854 /* Base */ = {isa = PBXFileReference; lastKnownFileType = file.storyboard; name = Base; path = Base.lproj/LaunchScreen.storyboard; sourceTree = "<group>"; };
		68E81E701F4EE56700283854 /* Info.plist */ = {isa = PBXFileReference; lastKnownFileType = text.plist.xml; path = Info.plist; sourceTree = "<group>"; };
		68E81E751F4EE56700283854 /* ZsHorizontalSelectorTests.xctest */ = {isa = PBXFileReference; explicitFileType = wrapper.cfbundle; includeInIndex = 0; path = ZsHorizontalSelectorTests.xctest; sourceTree = BUILT_PRODUCTS_DIR; };
		68E81E791F4EE56700283854 /* ZsHorizontalSelectorTests.m */ = {isa = PBXFileReference; lastKnownFileType = sourcecode.c.objc; path = ZsHorizontalSelectorTests.m; sourceTree = "<group>"; };
		68E81E7B1F4EE56700283854 /* Info.plist */ = {isa = PBXFileReference; lastKnownFileType = text.plist.xml; path = Info.plist; sourceTree = "<group>"; };
		68E81E801F4EE56700283854 /* ZsHorizontalSelectorUITests.xctest */ = {isa = PBXFileReference; explicitFileType = wrapper.cfbundle; includeInIndex = 0; path = ZsHorizontalSelectorUITests.xctest; sourceTree = BUILT_PRODUCTS_DIR; };
		68E81E841F4EE56700283854 /* ZsHorizontalSelectorUITests.m */ = {isa = PBXFileReference; lastKnownFileType = sourcecode.c.objc; path = ZsHorizontalSelectorUITests.m; sourceTree = "<group>"; };
		68E81E861F4EE56700283854 /* Info.plist */ = {isa = PBXFileReference; lastKnownFileType = text.plist.xml; path = Info.plist; sourceTree = "<group>"; };
/* End PBXFileReference section */

/* Begin PBXFrameworksBuildPhase section */
		68E81E591F4EE56700283854 /* Frameworks */ = {
			isa = PBXFrameworksBuildPhase;
			buildActionMask = 2147483647;
			files = (
			);
			runOnlyForDeploymentPostprocessing = 0;
		};
		68E81E721F4EE56700283854 /* Frameworks */ = {
			isa = PBXFrameworksBuildPhase;
			buildActionMask = 2147483647;
			files = (
			);
			runOnlyForDeploymentPostprocessing = 0;
		};
		68E81E7D1F4EE56700283854 /* Frameworks */ = {
			isa = PBXFrameworksBuildPhase;
			buildActionMask = 2147483647;
			files = (
			);
			runOnlyForDeploymentPostprocessing = 0;
		};
/* End PBXFrameworksBuildPhase section */

/* Begin PBXGroup section */
		68E81E531F4EE56700283854 = {
			isa = PBXGroup;
			children = (
				68E81E5E1F4EE56700283854 /* ZsHorizontalSelector */,
				68E81E781F4EE56700283854 /* ZsHorizontalSelectorTests */,
				68E81E831F4EE56700283854 /* ZsHorizontalSelectorUITests */,
				68E81E5D1F4EE56700283854 /* Products */,
			);
			sourceTree = "<group>";
		};
		68E81E5D1F4EE56700283854 /* Products */ = {
			isa = PBXGroup;
			children = (
				68E81E5C1F4EE56700283854 /* ZsHorizontalSelector.app */,
				68E81E751F4EE56700283854 /* ZsHorizontalSelectorTests.xctest */,
				68E81E801F4EE56700283854 /* ZsHorizontalSelectorUITests.xctest */,
			);
			name = Products;
			sourceTree = "<group>";
		};
		68E81E5E1F4EE56700283854 /* ZsHorizontalSelector */ = {
			isa = PBXGroup;
			children = (
				68E81E621F4EE56700283854 /* AppDelegate.h */,
				68E81E631F4EE56700283854 /* AppDelegate.m */,
				68E81E651F4EE56700283854 /* ViewController.h */,
				68E81E661F4EE56700283854 /* ViewController.m */,
				68E81E681F4EE56700283854 /* Main.storyboard */,
				68E81E6B1F4EE56700283854 /* Assets.xcassets */,
				68E81E6D1F4EE56700283854 /* LaunchScreen.storyboard */,
				68E81E701F4EE56700283854 /* Info.plist */,
				68E81E5F1F4EE56700283854 /* Supporting Files */,
			);
			path = ZsHorizontalSelector;
			sourceTree = "<group>";
		};
		68E81E5F1F4EE56700283854 /* Supporting Files */ = {
			isa = PBXGroup;
			children = (
				68E81E601F4EE56700283854 /* main.m */,
			);
			name = "Supporting Files";
			sourceTree = "<group>";
		};
		68E81E781F4EE56700283854 /* ZsHorizontalSelectorTests */ = {
			isa = PBXGroup;
			children = (
				68E81E791F4EE56700283854 /* ZsHorizontalSelectorTests.m */,
				68E81E7B1F4EE56700283854 /* Info.plist */,
			);
			path = ZsHorizontalSelectorTests;
			sourceTree = "<group>";
		};
		68E81E831F4EE56700283854 /* ZsHorizontalSelectorUITests */ = {
			isa = PBXGroup;
			children = (
				68E81E841F4EE56700283854 /* ZsHorizontalSelectorUITests.m */,
				68E81E861F4EE56700283854 /* Info.plist */,
			);
			path = ZsHorizontalSelectorUITests;
			sourceTree = "<group>";
		};
/* End PBXGroup section */

/* Begin PBXNativeTarget section */
		68E81E5B1F4EE56700283854 /* ZsHorizontalSelector */ = {
			isa = PBXNativeTarget;
			buildConfigurationList = 68E81E891F4EE56700283854 /* Build configuration list for PBXNativeTarget "ZsHorizontalSelector" */;
			buildPhases = (
				68E81E581F4EE56700283854 /* Sources */,
				68E81E591F4EE56700283854 /* Frameworks */,
				68E81E5A1F4EE56700283854 /* Resources */,
			);
			buildRules = (
			);
			dependencies = (
			);
			name = ZsHorizontalSelector;
			productName = ZsHorizontalSelector;
			productReference = 68E81E5C1F4EE56700283854 /* ZsHorizontalSelector.app */;
			productType = "com.apple.product-type.application";
		};
		68E81E741F4EE56700283854 /* ZsHorizontalSelectorTests */ = {
			isa = PBXNativeTarget;
			buildConfigurationList = 68E81E8C1F4EE56700283854 /* Build configuration list for PBXNativeTarget "ZsHorizontalSelectorTests" */;
			buildPhases = (
				68E81E711F4EE56700283854 /* Sources */,
				68E81E721F4EE56700283854 /* Frameworks */,
				68E81E731F4EE56700283854 /* Resources */,
			);
			buildRules = (
			);
			dependencies = (
				68E81E771F4EE56700283854 /* PBXTargetDependency */,
			);
			name = ZsHorizontalSelectorTests;
			productName = ZsHorizontalSelectorTests;
			productReference = 68E81E751F4EE56700283854 /* ZsHorizontalSelectorTests.xctest */;
			productType = "com.apple.product-type.bundle.unit-test";
		};
		68E81E7F1F4EE56700283854 /* ZsHorizontalSelectorUITests */ = {
			isa = PBXNativeTarget;
			buildConfigurationList = 68E81E8F1F4EE56700283854 /* Build configuration list for PBXNativeTarget "ZsHorizontalSelectorUITests" */;
			buildPhases = (
				68E81E7C1F4EE56700283854 /* Sources */,
				68E81E7D1F4EE56700283854 /* Frameworks */,
				68E81E7E1F4EE56700283854 /* Resources */,
			);
			buildRules = (
			);
			dependencies = (
				68E81E821F4EE56700283854 /* PBXTargetDependency */,
			);
			name = ZsHorizontalSelectorUITests;
			productName = ZsHorizontalSelectorUITests;
			productReference = 68E81E801F4EE56700283854 /* ZsHorizontalSelectorUITests.xctest */;
			productType = "com.apple.product-type.bundle.ui-testing";
		};
/* End PBXNativeTarget section */

/* Begin PBXProject section */
		68E81E541F4EE56700283854 /* Project object */ = {
			isa = PBXProject;
			attributes = {
				LastUpgradeCheck = 0830;
				ORGANIZATIONNAME = zachary;
				TargetAttributes = {
					68E81E5B1F4EE56700283854 = {
						CreatedOnToolsVersion = 8.3.3;
						DevelopmentTeam = 23ZQ26R8J4;
						ProvisioningStyle = Automatic;
					};
					68E81E741F4EE56700283854 = {
						CreatedOnToolsVersion = 8.3.3;
						DevelopmentTeam = 23ZQ26R8J4;
						ProvisioningStyle = Automatic;
						TestTargetID = 68E81E5B1F4EE56700283854;
					};
					68E81E7F1F4EE56700283854 = {
						CreatedOnToolsVersion = 8.3.3;
						DevelopmentTeam = 23ZQ26R8J4;
						ProvisioningStyle = Automatic;
						TestTargetID = 68E81E5B1F4EE56700283854;
					};
				};
			};
			buildConfigurationList = 68E81E571F4EE56700283854 /* Build configuration list for PBXProject "ZsHorizontalSelector" */;
			compatibilityVersion = "Xcode 3.2";
			developmentRegion = English;
			hasScannedForEncodings = 0;
			knownRegions = (
				en,
				Base,
			);
			mainGroup = 68E81E531F4EE56700283854;
			productRefGroup = 68E81E5D1F4EE56700283854 /* Products */;
			projectDirPath = "";
			projectRoot = "";
			targets = (
				68E81E5B1F4EE56700283854 /* ZsHorizontalSelector */,
				68E81E741F4EE56700283854 /* ZsHorizontalSelectorTests */,
				68E81E7F1F4EE56700283854 /* ZsHorizontalSelectorUITests */,
			);
		};
/* End PBXProject section */

/* Begin PBXResourcesBuildPhase section */
		68E81E5A1F4EE56700283854 /* Resources */ = {
			isa = PBXResourcesBuildPhase;
			buildActionMask = 2147483647;
			files = (
				68E81E6F1F4EE56700283854 /* LaunchScreen.storyboard in Resources */,
				68E81E6C1F4EE56700283854 /* Assets.xcassets in Resources */,
				68E81E6A1F4EE56700283854 /* Main.storyboard in Resources */,
			);
			runOnlyForDeploymentPostprocessing = 0;
		};
		68E81E731F4EE56700283854 /* Resources */ = {
			isa = PBXResourcesBuildPhase;
			buildActionMask = 2147483647;
			files = (
			);
			runOnlyForDeploymentPostprocessing = 0;
		};
		68E81E7E1F4EE56700283854 /* Resources */ = {
			isa = PBXResourcesBuildPhase;
			buildActionMask = 2147483647;
			files = (
			);
			runOnlyForDeploymentPostprocessing = 0;
		};
/* End PBXResourcesBuildPhase section */

/* Begin PBXSourcesBuildPhase section */
		68E81E581F4EE56700283854 /* Sources */ = {
			isa = PBXSourcesBuildPhase;
			buildActionMask = 2147483647;
			files = (
				68E81E671F4EE56700283854 /* ViewController.m in Sources */,
				68E81E641F4EE56700283854 /* AppDelegate.m in Sources */,
				68E81E611F4EE56700283854 /* main.m in Sources */,
			);
			runOnlyForDeploymentPostprocessing = 0;
		};
		68E81E711F4EE56700283854 /* Sources */ = {
			isa = PBXSourcesBuildPhase;
			buildActionMask = 2147483647;
			files = (
				68E81E7A1F4EE56700283854 /* ZsHorizontalSelectorTests.m in Sources */,
			);
			runOnlyForDeploymentPostprocessing = 0;
		};
		68E81E7C1F4EE56700283854 /* Sources */ = {
			isa = PBXSourcesBuildPhase;
			buildActionMask = 2147483647;
			files = (
				68E81E851F4EE56700283854 /* ZsHorizontalSelectorUITests.m in Sources */,
			);
			runOnlyForDeploymentPostprocessing = 0;
		};
/* End PBXSourcesBuildPhase section */

/* Begin PBXTargetDependency section */
		68E81E771F4EE56700283854 /* PBXTargetDependency */ = {
			isa = PBXTargetDependency;
			target = 68E81E5B1F4EE56700283854 /* ZsHorizontalSelector */;
			targetProxy = 68E81E761F4EE56700283854 /* PBXContainerItemProxy */;
		};
		68E81E821F4EE56700283854 /* PBXTargetDependency */ = {
			isa = PBXTargetDependency;
			target = 68E81E5B1F4EE56700283854 /* ZsHorizontalSelector */;
			targetProxy = 68E81E811F4EE56700283854 /* PBXContainerItemProxy */;
		};
/* End PBXTargetDependency section */

/* Begin PBXVariantGroup section */
		68E81E681F4EE56700283854 /* Main.storyboard */ = {
			isa = PBXVariantGroup;
			children = (
				68E81E691F4EE56700283854 /* Base */,
			);
			name = Main.storyboard;
			sourceTree = "<group>";
		};
		68E81E6D1F4EE56700283854 /* LaunchScreen.storyboard */ = {
			isa = PBXVariantGroup;
			children = (
				68E81E6E1F4EE56700283854 /* Base */,
			);
			name = LaunchScreen.storyboard;
			sourceTree = "<group>";
		};
/* End PBXVariantGroup section */

/* Begin XCBuildConfiguration section */
		68E81E871F4EE56700283854 /* Debug */ = {
			isa = XCBuildConfiguration;
			buildSettings = {
				ALWAYS_SEARCH_USER_PATHS = NO;
				CLANG_ANALYZER_NONNULL = YES;
				CLANG_ANALYZER_NUMBER_OBJECT_CONVERSION = YES_AGGRESSIVE;
				CLANG_CXX_LANGUAGE_STANDARD = "gnu++0x";
				CLANG_CXX_LIBRARY = "libc++";
				CLANG_ENABLE_MODULES = YES;
				CLANG_ENABLE_OBJC_ARC = YES;
				CLANG_WARN_BOOL_CONVERSION = YES;
				CLANG_WARN_CONSTANT_CONVERSION = YES;
				CLANG_WARN_DIRECT_OBJC_ISA_USAGE = YES_ERROR;
				CLANG_WARN_DOCUMENTATION_COMMENTS = YES;
				CLANG_WARN_EMPTY_BODY = YES;
				CLANG_WARN_ENUM_CONVERSION = YES;
				CLANG_WARN_INFINITE_RECURSION = YES;
				CLANG_WARN_INT_CONVERSION = YES;
				CLANG_WARN_OBJC_ROOT_CLASS = YES_ERROR;
				CLANG_WARN_SUSPICIOUS_MOVE = YES;
				CLANG_WARN_UNREACHABLE_CODE = YES;
				CLANG_WARN__DUPLICATE_METHOD_MATCH = YES;
				"CODE_SIGN_IDENTITY[sdk=iphoneos*]" = "iPhone Developer";
				COPY_PHASE_STRIP = NO;
				DEBUG_INFORMATION_FORMAT = dwarf;
				ENABLE_STRICT_OBJC_MSGSEND = YES;
				ENABLE_TESTABILITY = YES;
				GCC_C_LANGUAGE_STANDARD = gnu99;
				GCC_DYNAMIC_NO_PIC = NO;
				GCC_NO_COMMON_BLOCKS = YES;
				GCC_OPTIMIZATION_LEVEL = 0;
				GCC_PREPROCESSOR_DEFINITIONS = (
					"DEBUG=1",
					"$(inherited)",
				);
				GCC_WARN_64_TO_32_BIT_CONVERSION = YES;
				GCC_WARN_ABOUT_RETURN_TYPE = YES_ERROR;
				GCC_WARN_UNDECLARED_SELECTOR = YES;
				GCC_WARN_UNINITIALIZED_AUTOS = YES_AGGRESSIVE;
				GCC_WARN_UNUSED_FUNCTION = YES;
				GCC_WARN_UNUSED_VARIABLE = YES;
				IPHONEOS_DEPLOYMENT_TARGET = 10.3;
				MTL_ENABLE_DEBUG_INFO = YES;
				ONLY_ACTIVE_ARCH = YES;
				SDKROOT = iphoneos;
				TARGETED_DEVICE_FAMILY = "1,2";
			};
			name = Debug;
		};
		68E81E881F4EE56700283854 /* Release */ = {
			isa = XCBuildConfiguration;
			buildSettings = {
				ALWAYS_SEARCH_USER_PATHS = NO;
				CLANG_ANALYZER_NONNULL = YES;
				CLANG_ANALYZER_NUMBER_OBJECT_CONVERSION = YES_AGGRESSIVE;
				CLANG_CXX_LANGUAGE_STANDARD = "gnu++0x";
				CLANG_CXX_LIBRARY = "libc++";
				CLANG_ENABLE_MODULES = YES;
				CLANG_ENABLE_OBJC_ARC = YES;
				CLANG_WARN_BOOL_CONVERSION = YES;
				CLANG_WARN_CONSTANT_CONVERSION = YES;
				CLANG_WARN_DIRECT_OBJC_ISA_USAGE = YES_ERROR;
				CLANG_WARN_DOCUMENTATION_COMMENTS = YES;
				CLANG_WARN_EMPTY_BODY = YES;
				CLANG_WARN_ENUM_CONVERSION = YES;
				CLANG_WARN_INFINITE_RECURSION = YES;
				CLANG_WARN_INT_CONVERSION = YES;
				CLANG_WARN_OBJC_ROOT_CLASS = YES_ERROR;
				CLANG_WARN_SUSPICIOUS_MOVE = YES;
				CLANG_WARN_UNREACHABLE_CODE = YES;
				CLANG_WARN__DUPLICATE_METHOD_MATCH = YES;
				"CODE_SIGN_IDENTITY[sdk=iphoneos*]" = "iPhone Developer";
				COPY_PHASE_STRIP = NO;
				DEBUG_INFORMATION_FORMAT = "dwarf-with-dsym";
				ENABLE_NS_ASSERTIONS = NO;
				ENABLE_STRICT_OBJC_MSGSEND = YES;
				GCC_C_LANGUAGE_STANDARD = gnu99;
				GCC_NO_COMMON_BLOCKS = YES;
				GCC_WARN_64_TO_32_BIT_CONVERSION = YES;
				GCC_WARN_ABOUT_RETURN_TYPE = YES_ERROR;
				GCC_WARN_UNDECLARED_SELECTOR = YES;
				GCC_WARN_UNINITIALIZED_AUTOS = YES_AGGRESSIVE;
				GCC_WARN_UNUSED_FUNCTION = YES;
				GCC_WARN_UNUSED_VARIABLE = YES;
				IPHONEOS_DEPLOYMENT_TARGET = 10.3;
				MTL_ENABLE_DEBUG_INFO = NO;
				SDKROOT = iphoneos;
				TARGETED_DEVICE_FAMILY = "1,2";
				VALIDATE_PRODUCT = YES;
			};
			name = Release;
		};
		68E81E8A1F4EE56700283854 /* Debug */ = {
			isa = XCBuildConfiguration;
			buildSettings = {
				ASSETCATALOG_COMPILER_APPICON_NAME = AppIcon;
				DEVELOPMENT_TEAM = 23ZQ26R8J4;
				INFOPLIST_FILE = ZsHorizontalSelector/Info.plist;
				LD_RUNPATH_SEARCH_PATHS = "$(inherited) @executable_path/Frameworks";
				PRODUCT_BUNDLE_IDENTIFIER = struggle3g.ZsHorizontalSelector;
				PRODUCT_NAME = "$(TARGET_NAME)";
			};
			name = Debug;
		};
		68E81E8B1F4EE56700283854 /* Release */ = {
			isa = XCBuildConfiguration;
			buildSettings = {
				ASSETCATALOG_COMPILER_APPICON_NAME = AppIcon;
				DEVELOPMENT_TEAM = 23ZQ26R8J4;
				INFOPLIST_FILE = ZsHorizontalSelector/Info.plist;
				LD_RUNPATH_SEARCH_PATHS = "$(inherited) @executable_path/Frameworks";
				PRODUCT_BUNDLE_IDENTIFIER = struggle3g.ZsHorizontalSelector;
				PRODUCT_NAME = "$(TARGET_NAME)";
			};
			name = Release;
		};
		68E81E8D1F4EE56700283854 /* Debug */ = {
			isa = XCBuildConfiguration;
			buildSettings = {
				BUNDLE_LOADER = "$(TEST_HOST)";
				DEVELOPMENT_TEAM = 23ZQ26R8J4;
				INFOPLIST_FILE = ZsHorizontalSelectorTests/Info.plist;
				LD_RUNPATH_SEARCH_PATHS = "$(inherited) @executable_path/Frameworks @loader_path/Frameworks";
				PRODUCT_BUNDLE_IDENTIFIER = struggle3g.ZsHorizontalSelectorTests;
				PRODUCT_NAME = "$(TARGET_NAME)";
				TEST_HOST = "$(BUILT_PRODUCTS_DIR)/ZsHorizontalSelector.app/ZsHorizontalSelector";
			};
			name = Debug;
		};
		68E81E8E1F4EE56700283854 /* Release */ = {
			isa = XCBuildConfiguration;
			buildSettings = {
				BUNDLE_LOADER = "$(TEST_HOST)";
				DEVELOPMENT_TEAM = 23ZQ26R8J4;
				INFOPLIST_FILE = ZsHorizontalSelectorTests/Info.plist;
				LD_RUNPATH_SEARCH_PATHS = "$(inherited) @executable_path/Frameworks @loader_path/Frameworks";
				PRODUCT_BUNDLE_IDENTIFIER = struggle3g.ZsHorizontalSelectorTests;
				PRODUCT_NAME = "$(TARGET_NAME)";
				TEST_HOST = "$(BUILT_PRODUCTS_DIR)/ZsHorizontalSelector.app/ZsHorizontalSelector";
			};
			name = Release;
		};
		68E81E901F4EE56700283854 /* Debug */ = {
			isa = XCBuildConfiguration;
			buildSettings = {
				DEVELOPMENT_TEAM = 23ZQ26R8J4;
				INFOPLIST_FILE = ZsHorizontalSelectorUITests/Info.plist;
				LD_RUNPATH_SEARCH_PATHS = "$(inherited) @executable_path/Frameworks @loader_path/Frameworks";
				PRODUCT_BUNDLE_IDENTIFIER = struggle3g.ZsHorizontalSelectorUITests;
				PRODUCT_NAME = "$(TARGET_NAME)";
				TEST_TARGET_NAME = ZsHorizontalSelector;
			};
			name = Debug;
		};
		68E81E911F4EE56700283854 /* Release */ = {
			isa = XCBuildConfiguration;
			buildSettings = {
				DEVELOPMENT_TEAM = 23ZQ26R8J4;
				INFOPLIST_FILE = ZsHorizontalSelectorUITests/Info.plist;
				LD_RUNPATH_SEARCH_PATHS = "$(inherited) @executable_path/Frameworks @loader_path/Frameworks";
				PRODUCT_BUNDLE_IDENTIFIER = struggle3g.ZsHorizontalSelectorUITests;
				PRODUCT_NAME = "$(TARGET_NAME)";
				TEST_TARGET_NAME = ZsHorizontalSelector;
			};
			name = Release;
		};
/* End XCBuildConfiguration section */

/* Begin XCConfigurationList section */
		68E81E571F4EE56700283854 /* Build configuration list for PBXProject "ZsHorizontalSelector" */ = {
			isa = XCConfigurationList;
			buildConfigurations = (
				68E81E871F4EE56700283854 /* Debug */,
				68E81E881F4EE56700283854 /* Release */,
			);
			defaultConfigurationIsVisible = 0;
			defaultConfigurationName = Release;
		};
		68E81E891F4EE56700283854 /* Build configuration list for PBXNativeTarget "ZsHorizontalSelector" */ = {
			isa = XCConfigurationList;
			buildConfigurations = (
				68E81E8A1F4EE56700283854 /* Debug */,
				68E81E8B1F4EE56700283854 /* Release */,
			);
			defaultConfigurationIsVisible = 0;
		};
		68E81E8C1F4EE56700283854 /* Build configuration list for PBXNativeTarget "ZsHorizontalSelectorTests" */ = {
			isa = XCConfigurationList;
			buildConfigurations = (
				68E81E8D1F4EE56700283854 /* Debug */,
				68E81E8E1F4EE56700283854 /* Release */,
			);
			defaultConfigurationIsVisible = 0;
		};
		68E81E8F1F4EE56700283854 /* Build configuration list for PBXNativeTarget "ZsHorizontalSelectorUITests" */ = {
			isa = XCConfigurationList;
			buildConfigurations = (
				68E81E901F4EE56700283854 /* Debug */,
				68E81E911F4EE56700283854 /* Release */,
			);
			defaultConfigurationIsVisible = 0;
		};
/* End XCConfigurationList section */
	};
	rootObject = 68E81E541F4EE56700283854 /* Project object */;
}
